// !$*UTF8*$!
{
	archiveVersion = 1;
	classes = {
	};
	objectVersion = 50;
	objects = {

/* Begin PBXBuildFile section */
		FAD3C90225AF9BF800F82650 /* AppDelegate.swift in Sources */ = {isa = PBXBuildFile; fileRef = FAD3C90125AF9BF800F82650 /* AppDelegate.swift */; };
		FAD3C90425AF9BF800F82650 /* SceneDelegate.swift in Sources */ = {isa = PBXBuildFile; fileRef = FAD3C90325AF9BF800F82650 /* SceneDelegate.swift */; };
		FAD3C90925AF9BF800F82650 /* Main.storyboard in Resources */ = {isa = PBXBuildFile; fileRef = FAD3C90725AF9BF800F82650 /* Main.storyboard */; };
		FAD3C90B25AF9BFC00F82650 /* Assets.xcassets in Resources */ = {isa = PBXBuildFile; fileRef = FAD3C90A25AF9BFC00F82650 /* Assets.xcassets */; };
		FAD3C90E25AF9BFC00F82650 /* LaunchScreen.storyboard in Resources */ = {isa = PBXBuildFile; fileRef = FAD3C90C25AF9BFC00F82650 /* LaunchScreen.storyboard */; };
		FAD3C91925AF9BFC00F82650 /* CurrencyConverterTests.swift in Sources */ = {isa = PBXBuildFile; fileRef = FAD3C91825AF9BFC00F82650 /* CurrencyConverterTests.swift */; };
		FAD3C92425AF9BFD00F82650 /* CurrencyConverterUITests.swift in Sources */ = {isa = PBXBuildFile; fileRef = FAD3C92325AF9BFD00F82650 /* CurrencyConverterUITests.swift */; };
		FAD3C94525B052FB00F82650 /* Converter.storyboard in Resources */ = {isa = PBXBuildFile; fileRef = FAD3C94325B052FB00F82650 /* Converter.storyboard */; };
/* End PBXBuildFile section */

/* Begin PBXContainerItemProxy section */
		FAD3C91525AF9BFC00F82650 /* PBXContainerItemProxy */ = {
			isa = PBXContainerItemProxy;
			containerPortal = FAD3C8F625AF9BF800F82650 /* Project object */;
			proxyType = 1;
			remoteGlobalIDString = FAD3C8FD25AF9BF800F82650;
			remoteInfo = CurrencyConverter;
		};
		FAD3C92025AF9BFD00F82650 /* PBXContainerItemProxy */ = {
			isa = PBXContainerItemProxy;
			containerPortal = FAD3C8F625AF9BF800F82650 /* Project object */;
			proxyType = 1;
			remoteGlobalIDString = FAD3C8FD25AF9BF800F82650;
			remoteInfo = CurrencyConverter;
		};
/* End PBXContainerItemProxy section */

/* Begin PBXFileReference section */
		FAD3C8FE25AF9BF800F82650 /* CurrencyConverter.app */ = {isa = PBXFileReference; explicitFileType = wrapper.application; includeInIndex = 0; path = CurrencyConverter.app; sourceTree = BUILT_PRODUCTS_DIR; };
		FAD3C90125AF9BF800F82650 /* AppDelegate.swift */ = {isa = PBXFileReference; lastKnownFileType = sourcecode.swift; path = AppDelegate.swift; sourceTree = "<group>"; };
		FAD3C90325AF9BF800F82650 /* SceneDelegate.swift */ = {isa = PBXFileReference; lastKnownFileType = sourcecode.swift; path = SceneDelegate.swift; sourceTree = "<group>"; };
		FAD3C90825AF9BF800F82650 /* Base */ = {isa = PBXFileReference; lastKnownFileType = file.storyboard; name = Base; path = Base.lproj/Main.storyboard; sourceTree = "<group>"; };
		FAD3C90A25AF9BFC00F82650 /* Assets.xcassets */ = {isa = PBXFileReference; lastKnownFileType = folder.assetcatalog; path = Assets.xcassets; sourceTree = "<group>"; };
		FAD3C90D25AF9BFC00F82650 /* Base */ = {isa = PBXFileReference; lastKnownFileType = file.storyboard; name = Base; path = Base.lproj/LaunchScreen.storyboard; sourceTree = "<group>"; };
		FAD3C90F25AF9BFC00F82650 /* Info.plist */ = {isa = PBXFileReference; lastKnownFileType = text.plist.xml; path = Info.plist; sourceTree = "<group>"; };
		FAD3C91425AF9BFC00F82650 /* CurrencyConverterTests.xctest */ = {isa = PBXFileReference; explicitFileType = wrapper.cfbundle; includeInIndex = 0; path = CurrencyConverterTests.xctest; sourceTree = BUILT_PRODUCTS_DIR; };
		FAD3C91825AF9BFC00F82650 /* CurrencyConverterTests.swift */ = {isa = PBXFileReference; lastKnownFileType = sourcecode.swift; path = CurrencyConverterTests.swift; sourceTree = "<group>"; };
		FAD3C91A25AF9BFC00F82650 /* Info.plist */ = {isa = PBXFileReference; lastKnownFileType = text.plist.xml; path = Info.plist; sourceTree = "<group>"; };
		FAD3C91F25AF9BFD00F82650 /* CurrencyConverterUITests.xctest */ = {isa = PBXFileReference; explicitFileType = wrapper.cfbundle; includeInIndex = 0; path = CurrencyConverterUITests.xctest; sourceTree = BUILT_PRODUCTS_DIR; };
		FAD3C92325AF9BFD00F82650 /* CurrencyConverterUITests.swift */ = {isa = PBXFileReference; lastKnownFileType = sourcecode.swift; path = CurrencyConverterUITests.swift; sourceTree = "<group>"; };
		FAD3C92525AF9BFD00F82650 /* Info.plist */ = {isa = PBXFileReference; lastKnownFileType = text.plist.xml; path = Info.plist; sourceTree = "<group>"; };
		FAD3C94425B052FB00F82650 /* Base */ = {isa = PBXFileReference; lastKnownFileType = file.storyboard; name = Base; path = CurrencyConverter/Assets/Storyboards/Base.lproj/Converter.storyboard; sourceTree = "<group>"; };
/* End PBXFileReference section */

/* Begin PBXFrameworksBuildPhase section */
		FAD3C8FB25AF9BF800F82650 /* Frameworks */ = {
			isa = PBXFrameworksBuildPhase;
			buildActionMask = 2147483647;
			files = (
			);
			runOnlyForDeploymentPostprocessing = 0;
		};
		FAD3C91125AF9BFC00F82650 /* Frameworks */ = {
			isa = PBXFrameworksBuildPhase;
			buildActionMask = 2147483647;
			files = (
			);
			runOnlyForDeploymentPostprocessing = 0;
		};
		FAD3C91C25AF9BFD00F82650 /* Frameworks */ = {
			isa = PBXFrameworksBuildPhase;
			buildActionMask = 2147483647;
			files = (
			);
			runOnlyForDeploymentPostprocessing = 0;
		};
/* End PBXFrameworksBuildPhase section */

/* Begin PBXGroup section */
		FAD3C8F525AF9BF800F82650 = {
			isa = PBXGroup;
			children = (
				FAD3C90025AF9BF800F82650 /* CurrencyConverter */,
				FAD3C90F25AF9BFC00F82650 /* Info.plist */,
				FAD3C91725AF9BFC00F82650 /* CurrencyConverterTests */,
				FAD3C92225AF9BFD00F82650 /* CurrencyConverterUITests */,
				FAD3C8FF25AF9BF800F82650 /* Products */,
			);
			sourceTree = "<group>";
		};
		FAD3C8FF25AF9BF800F82650 /* Products */ = {
			isa = PBXGroup;
			children = (
				FAD3C8FE25AF9BF800F82650 /* CurrencyConverter.app */,
				FAD3C91425AF9BFC00F82650 /* CurrencyConverterTests.xctest */,
				FAD3C91F25AF9BFD00F82650 /* CurrencyConverterUITests.xctest */,
			);
			name = Products;
			sourceTree = "<group>";
		};
		FAD3C90025AF9BF800F82650 /* CurrencyConverter */ = {
			isa = PBXGroup;
			children = (
				FAD3C93725AF9CD100F82650 /* App */,
				FAD3C93625AF9CBF00F82650 /* Models */,
				FAD3C93525AF9CAB00F82650 /* Views */,
				FAD3C93425AF9C9000F82650 /* ViewControllers */,
				FAD3C93E25B0511800F82650 /* Assets */,
			);
			path = CurrencyConverter;
			sourceTree = "<group>";
		};
		FAD3C91725AF9BFC00F82650 /* CurrencyConverterTests */ = {
			isa = PBXGroup;
			children = (
				FAD3C91825AF9BFC00F82650 /* CurrencyConverterTests.swift */,
				FAD3C91A25AF9BFC00F82650 /* Info.plist */,
			);
			path = CurrencyConverterTests;
			sourceTree = "<group>";
		};
		FAD3C92225AF9BFD00F82650 /* CurrencyConverterUITests */ = {
			isa = PBXGroup;
			children = (
				FAD3C92325AF9BFD00F82650 /* CurrencyConverterUITests.swift */,
				FAD3C92525AF9BFD00F82650 /* Info.plist */,
			);
			path = CurrencyConverterUITests;
			sourceTree = "<group>";
		};
		FAD3C93425AF9C9000F82650 /* ViewControllers */ = {
			isa = PBXGroup;
			children = (
			);
			path = ViewControllers;
			sourceTree = "<group>";
		};
		FAD3C93525AF9CAB00F82650 /* Views */ = {
			isa = PBXGroup;
			children = (
			);
			name = Views;
			sourceTree = "<group>";
		};
		FAD3C93625AF9CBF00F82650 /* Models */ = {
			isa = PBXGroup;
			children = (
			);
			path = Models;
			sourceTree = "<group>";
		};
		FAD3C93725AF9CD100F82650 /* App */ = {
			isa = PBXGroup;
			children = (
				FAD3C90125AF9BF800F82650 /* AppDelegate.swift */,
				FAD3C90325AF9BF800F82650 /* SceneDelegate.swift */,
			);
			path = App;
			sourceTree = "<group>";
		};
		FAD3C93E25B0511800F82650 /* Assets */ = {
			isa = PBXGroup;
			children = (
				FAD3C90A25AF9BFC00F82650 /* Assets.xcassets */,
				FAD3C93F25B0513F00F82650 /* Storyboards */,
			);
			path = Assets;
			sourceTree = "<group>";
		};
		FAD3C93F25B0513F00F82650 /* Storyboards */ = {
			isa = PBXGroup;
			children = (
				FAD3C90C25AF9BFC00F82650 /* LaunchScreen.storyboard */,
				FAD3C90725AF9BF800F82650 /* Main.storyboard */,
				FAD3C94325B052FB00F82650 /* Converter.storyboard */,
			);
			path = Storyboards;
			sourceTree = "<group>";
		};
/* End PBXGroup section */

/* Begin PBXNativeTarget section */
		FAD3C8FD25AF9BF800F82650 /* CurrencyConverter */ = {
			isa = PBXNativeTarget;
			buildConfigurationList = FAD3C92825AF9BFD00F82650 /* Build configuration list for PBXNativeTarget "CurrencyConverter" */;
			buildPhases = (
				FAD3C8FA25AF9BF800F82650 /* Sources */,
				FAD3C8FB25AF9BF800F82650 /* Frameworks */,
				FAD3C8FC25AF9BF800F82650 /* Resources */,
			);
			buildRules = (
			);
			dependencies = (
			);
			name = CurrencyConverter;
			productName = CurrencyConverter;
			productReference = FAD3C8FE25AF9BF800F82650 /* CurrencyConverter.app */;
			productType = "com.apple.product-type.application";
		};
		FAD3C91325AF9BFC00F82650 /* CurrencyConverterTests */ = {
			isa = PBXNativeTarget;
			buildConfigurationList = FAD3C92B25AF9BFD00F82650 /* Build configuration list for PBXNativeTarget "CurrencyConverterTests" */;
			buildPhases = (
				FAD3C91025AF9BFC00F82650 /* Sources */,
				FAD3C91125AF9BFC00F82650 /* Frameworks */,
				FAD3C91225AF9BFC00F82650 /* Resources */,
			);
			buildRules = (
			);
			dependencies = (
				FAD3C91625AF9BFC00F82650 /* PBXTargetDependency */,
			);
			name = CurrencyConverterTests;
			productName = CurrencyConverterTests;
			productReference = FAD3C91425AF9BFC00F82650 /* CurrencyConverterTests.xctest */;
			productType = "com.apple.product-type.bundle.unit-test";
		};
		FAD3C91E25AF9BFD00F82650 /* CurrencyConverterUITests */ = {
			isa = PBXNativeTarget;
			buildConfigurationList = FAD3C92E25AF9BFD00F82650 /* Build configuration list for PBXNativeTarget "CurrencyConverterUITests" */;
			buildPhases = (
				FAD3C91B25AF9BFD00F82650 /* Sources */,
				FAD3C91C25AF9BFD00F82650 /* Frameworks */,
				FAD3C91D25AF9BFD00F82650 /* Resources */,
			);
			buildRules = (
			);
			dependencies = (
				FAD3C92125AF9BFD00F82650 /* PBXTargetDependency */,
			);
			name = CurrencyConverterUITests;
			productName = CurrencyConverterUITests;
			productReference = FAD3C91F25AF9BFD00F82650 /* CurrencyConverterUITests.xctest */;
			productType = "com.apple.product-type.bundle.ui-testing";
		};
/* End PBXNativeTarget section */

/* Begin PBXProject section */
		FAD3C8F625AF9BF800F82650 /* Project object */ = {
			isa = PBXProject;
			attributes = {
				LastSwiftUpdateCheck = 1230;
				LastUpgradeCheck = 1230;
				TargetAttributes = {
					FAD3C8FD25AF9BF800F82650 = {
						CreatedOnToolsVersion = 12.3;
					};
					FAD3C91325AF9BFC00F82650 = {
						CreatedOnToolsVersion = 12.3;
						TestTargetID = FAD3C8FD25AF9BF800F82650;
					};
					FAD3C91E25AF9BFD00F82650 = {
						CreatedOnToolsVersion = 12.3;
						TestTargetID = FAD3C8FD25AF9BF800F82650;
					};
				};
			};
			buildConfigurationList = FAD3C8F925AF9BF800F82650 /* Build configuration list for PBXProject "CurrencyConverter" */;
			compatibilityVersion = "Xcode 9.3";
			developmentRegion = en;
			hasScannedForEncodings = 0;
			knownRegions = (
				en,
				Base,
			);
			mainGroup = FAD3C8F525AF9BF800F82650;
			productRefGroup = FAD3C8FF25AF9BF800F82650 /* Products */;
			projectDirPath = "";
			projectRoot = "";
			targets = (
				FAD3C8FD25AF9BF800F82650 /* CurrencyConverter */,
				FAD3C91325AF9BFC00F82650 /* CurrencyConverterTests */,
				FAD3C91E25AF9BFD00F82650 /* CurrencyConverterUITests */,
			);
		};
/* End PBXProject section */

/* Begin PBXResourcesBuildPhase section */
		FAD3C8FC25AF9BF800F82650 /* Resources */ = {
			isa = PBXResourcesBuildPhase;
			buildActionMask = 2147483647;
			files = (
				FAD3C90E25AF9BFC00F82650 /* LaunchScreen.storyboard in Resources */,
				FAD3C90B25AF9BFC00F82650 /* Assets.xcassets in Resources */,
				FAD3C90925AF9BF800F82650 /* Main.storyboard in Resources */,
				FAD3C94525B052FB00F82650 /* Converter.storyboard in Resources */,
			);
			runOnlyForDeploymentPostprocessing = 0;
		};
		FAD3C91225AF9BFC00F82650 /* Resources */ = {
			isa = PBXResourcesBuildPhase;
			buildActionMask = 2147483647;
			files = (
			);
			runOnlyForDeploymentPostprocessing = 0;
		};
		FAD3C91D25AF9BFD00F82650 /* Resources */ = {
			isa = PBXResourcesBuildPhase;
			buildActionMask = 2147483647;
			files = (
			);
			runOnlyForDeploymentPostprocessing = 0;
		};
/* End PBXResourcesBuildPhase section */

/* Begin PBXSourcesBuildPhase section */
		FAD3C8FA25AF9BF800F82650 /* Sources */ = {
			isa = PBXSourcesBuildPhase;
			buildActionMask = 2147483647;
			files = (
				FAD3C90225AF9BF800F82650 /* AppDelegate.swift in Sources */,
				FAD3C90425AF9BF800F82650 /* SceneDelegate.swift in Sources */,
			);
			runOnlyForDeploymentPostprocessing = 0;
		};
		FAD3C91025AF9BFC00F82650 /* Sources */ = {
			isa = PBXSourcesBuildPhase;
			buildActionMask = 2147483647;
			files = (
				FAD3C91925AF9BFC00F82650 /* CurrencyConverterTests.swift in Sources */,
			);
			runOnlyForDeploymentPostprocessing = 0;
		};
		FAD3C91B25AF9BFD00F82650 /* Sources */ = {
			isa = PBXSourcesBuildPhase;
			buildActionMask = 2147483647;
			files = (
				FAD3C92425AF9BFD00F82650 /* CurrencyConverterUITests.swift in Sources */,
			);
			runOnlyForDeploymentPostprocessing = 0;
		};
/* End PBXSourcesBuildPhase section */

/* Begin PBXTargetDependency section */
		FAD3C91625AF9BFC00F82650 /* PBXTargetDependency */ = {
			isa = PBXTargetDependency;
			target = FAD3C8FD25AF9BF800F82650 /* CurrencyConverter */;
			targetProxy = FAD3C91525AF9BFC00F82650 /* PBXContainerItemProxy */;
		};
		FAD3C92125AF9BFD00F82650 /* PBXTargetDependency */ = {
			isa = PBXTargetDependency;
			target = FAD3C8FD25AF9BF800F82650 /* CurrencyConverter */;
			targetProxy = FAD3C92025AF9BFD00F82650 /* PBXContainerItemProxy */;
		};
/* End PBXTargetDependency section */

/* Begin PBXVariantGroup section */
		FAD3C90725AF9BF800F82650 /* Main.storyboard */ = {
			isa = PBXVariantGroup;
			children = (
				FAD3C90825AF9BF800F82650 /* Base */,
			);
			name = Main.storyboard;
			sourceTree = "<group>";
		};
		FAD3C90C25AF9BFC00F82650 /* LaunchScreen.storyboard */ = {
			isa = PBXVariantGroup;
			children = (
				FAD3C90D25AF9BFC00F82650 /* Base */,
			);
			name = LaunchScreen.storyboard;
			sourceTree = "<group>";
		};
		FAD3C94325B052FB00F82650 /* Converter.storyboard */ = {
			isa = PBXVariantGroup;
			children = (
				FAD3C94425B052FB00F82650 /* Base */,
			);
			name = Converter.storyboard;
			sourceTree = "<group>";
		};
/* End PBXVariantGroup section */

/* Begin XCBuildConfiguration section */
		FAD3C92625AF9BFD00F82650 /* Debug */ = {
			isa = XCBuildConfiguration;
			buildSettings = {
				ALWAYS_SEARCH_USER_PATHS = NO;
				CLANG_ANALYZER_NONNULL = YES;
				CLANG_ANALYZER_NUMBER_OBJECT_CONVERSION = YES_AGGRESSIVE;
				CLANG_CXX_LANGUAGE_STANDARD = "gnu++14";
				CLANG_CXX_LIBRARY = "libc++";
				CLANG_ENABLE_MODULES = YES;
				CLANG_ENABLE_OBJC_ARC = YES;
				CLANG_ENABLE_OBJC_WEAK = YES;
				CLANG_WARN_BLOCK_CAPTURE_AUTORELEASING = YES;
				CLANG_WARN_BOOL_CONVERSION = YES;
				CLANG_WARN_COMMA = YES;
				CLANG_WARN_CONSTANT_CONVERSION = YES;
				CLANG_WARN_DEPRECATED_OBJC_IMPLEMENTATIONS = YES;
				CLANG_WARN_DIRECT_OBJC_ISA_USAGE = YES_ERROR;
				CLANG_WARN_DOCUMENTATION_COMMENTS = YES;
				CLANG_WARN_EMPTY_BODY = YES;
				CLANG_WARN_ENUM_CONVERSION = YES;
				CLANG_WARN_INFINITE_RECURSION = YES;
				CLANG_WARN_INT_CONVERSION = YES;
				CLANG_WARN_NON_LITERAL_NULL_CONVERSION = YES;
				CLANG_WARN_OBJC_IMPLICIT_RETAIN_SELF = YES;
				CLANG_WARN_OBJC_LITERAL_CONVERSION = YES;
				CLANG_WARN_OBJC_ROOT_CLASS = YES_ERROR;
				CLANG_WARN_QUOTED_INCLUDE_IN_FRAMEWORK_HEADER = YES;
				CLANG_WARN_RANGE_LOOP_ANALYSIS = YES;
				CLANG_WARN_STRICT_PROTOTYPES = YES;
				CLANG_WARN_SUSPICIOUS_MOVE = YES;
				CLANG_WARN_UNGUARDED_AVAILABILITY = YES_AGGRESSIVE;
				CLANG_WARN_UNREACHABLE_CODE = YES;
				CLANG_WARN__DUPLICATE_METHOD_MATCH = YES;
				COPY_PHASE_STRIP = NO;
				DEBUG_INFORMATION_FORMAT = dwarf;
				ENABLE_STRICT_OBJC_MSGSEND = YES;
				ENABLE_TESTABILITY = YES;
				GCC_C_LANGUAGE_STANDARD = gnu11;
				GCC_DYNAMIC_NO_PIC = NO;
				GCC_NO_COMMON_BLOCKS = YES;
				GCC_OPTIMIZATION_LEVEL = 0;
				GCC_PREPROCESSOR_DEFINITIONS = (
					"DEBUG=1",
					"$(inherited)",
				);
				GCC_WARN_64_TO_32_BIT_CONVERSION = YES;
				GCC_WARN_ABOUT_RETURN_TYPE = YES_ERROR;
				GCC_WARN_UNDECLARED_SELECTOR = YES;
				GCC_WARN_UNINITIALIZED_AUTOS = YES_AGGRESSIVE;
				GCC_WARN_UNUSED_FUNCTION = YES;
				GCC_WARN_UNUSED_VARIABLE = YES;
				IPHONEOS_DEPLOYMENT_TARGET = 14.3;
				MTL_ENABLE_DEBUG_INFO = INCLUDE_SOURCE;
				MTL_FAST_MATH = YES;
				ONLY_ACTIVE_ARCH = YES;
				SDKROOT = iphoneos;
				SWIFT_ACTIVE_COMPILATION_CONDITIONS = DEBUG;
				SWIFT_OPTIMIZATION_LEVEL = "-Onone";
			};
			name = Debug;
		};
		FAD3C92725AF9BFD00F82650 /* Release */ = {
			isa = XCBuildConfiguration;
			buildSettings = {
				ALWAYS_SEARCH_USER_PATHS = NO;
				CLANG_ANALYZER_NONNULL = YES;
				CLANG_ANALYZER_NUMBER_OBJECT_CONVERSION = YES_AGGRESSIVE;
				CLANG_CXX_LANGUAGE_STANDARD = "gnu++14";
				CLANG_CXX_LIBRARY = "libc++";
				CLANG_ENABLE_MODULES = YES;
				CLANG_ENABLE_OBJC_ARC = YES;
				CLANG_ENABLE_OBJC_WEAK = YES;
				CLANG_WARN_BLOCK_CAPTURE_AUTORELEASING = YES;
				CLANG_WARN_BOOL_CONVERSION = YES;
				CLANG_WARN_COMMA = YES;
				CLANG_WARN_CONSTANT_CONVERSION = YES;
				CLANG_WARN_DEPRECATED_OBJC_IMPLEMENTATIONS = YES;
				CLANG_WARN_DIRECT_OBJC_ISA_USAGE = YES_ERROR;
				CLANG_WARN_DOCUMENTATION_COMMENTS = YES;
				CLANG_WARN_EMPTY_BODY = YES;
				CLANG_WARN_ENUM_CONVERSION = YES;
				CLANG_WARN_INFINITE_RECURSION = YES;
				CLANG_WARN_INT_CONVERSION = YES;
				CLANG_WARN_NON_LITERAL_NULL_CONVERSION = YES;
				CLANG_WARN_OBJC_IMPLICIT_RETAIN_SELF = YES;
				CLANG_WARN_OBJC_LITERAL_CONVERSION = YES;
				CLANG_WARN_OBJC_ROOT_CLASS = YES_ERROR;
				CLANG_WARN_QUOTED_INCLUDE_IN_FRAMEWORK_HEADER = YES;
				CLANG_WARN_RANGE_LOOP_ANALYSIS = YES;
				CLANG_WARN_STRICT_PROTOTYPES = YES;
				CLANG_WARN_SUSPICIOUS_MOVE = YES;
				CLANG_WARN_UNGUARDED_AVAILABILITY = YES_AGGRESSIVE;
				CLANG_WARN_UNREACHABLE_CODE = YES;
				CLANG_WARN__DUPLICATE_METHOD_MATCH = YES;
				COPY_PHASE_STRIP = NO;
				DEBUG_INFORMATION_FORMAT = "dwarf-with-dsym";
				ENABLE_NS_ASSERTIONS = NO;
				ENABLE_STRICT_OBJC_MSGSEND = YES;
				GCC_C_LANGUAGE_STANDARD = gnu11;
				GCC_NO_COMMON_BLOCKS = YES;
				GCC_WARN_64_TO_32_BIT_CONVERSION = YES;
				GCC_WARN_ABOUT_RETURN_TYPE = YES_ERROR;
				GCC_WARN_UNDECLARED_SELECTOR = YES;
				GCC_WARN_UNINITIALIZED_AUTOS = YES_AGGRESSIVE;
				GCC_WARN_UNUSED_FUNCTION = YES;
				GCC_WARN_UNUSED_VARIABLE = YES;
				IPHONEOS_DEPLOYMENT_TARGET = 14.3;
				MTL_ENABLE_DEBUG_INFO = NO;
				MTL_FAST_MATH = YES;
				SDKROOT = iphoneos;
				SWIFT_COMPILATION_MODE = wholemodule;
				SWIFT_OPTIMIZATION_LEVEL = "-O";
				VALIDATE_PRODUCT = YES;
			};
			name = Release;
		};
		FAD3C92925AF9BFD00F82650 /* Debug */ = {
			isa = XCBuildConfiguration;
			buildSettings = {
				ASSETCATALOG_COMPILER_APPICON_NAME = AppIcon;
				ASSETCATALOG_COMPILER_GLOBAL_ACCENT_COLOR_NAME = AccentColor;
				CODE_SIGN_STYLE = Automatic;
				INFOPLIST_FILE = "$(SRCROOT)/Info.plist";
				LD_RUNPATH_SEARCH_PATHS = (
					"$(inherited)",
					"@executable_path/Frameworks",
				);
				PRODUCT_BUNDLE_IDENTIFIER = t.CurrencyConverter;
				PRODUCT_NAME = "$(TARGET_NAME)";
				SWIFT_VERSION = 5.0;
				TARGETED_DEVICE_FAMILY = "1,2";
			};
			name = Debug;
		};
		FAD3C92A25AF9BFD00F82650 /* Release */ = {
			isa = XCBuildConfiguration;
			buildSettings = {
				ASSETCATALOG_COMPILER_APPICON_NAME = AppIcon;
				ASSETCATALOG_COMPILER_GLOBAL_ACCENT_COLOR_NAME = AccentColor;
				CODE_SIGN_STYLE = Automatic;
				INFOPLIST_FILE = "$(SRCROOT)/Info.plist";
				LD_RUNPATH_SEARCH_PATHS = (
					"$(inherited)",
					"@executable_path/Frameworks",
				);
				PRODUCT_BUNDLE_IDENTIFIER = t.CurrencyConverter;
				PRODUCT_NAME = "$(TARGET_NAME)";
				SWIFT_VERSION = 5.0;
				TARGETED_DEVICE_FAMILY = "1,2";
			};
			name = Release;
		};
		FAD3C92C25AF9BFD00F82650 /* Debug */ = {
			isa = XCBuildConfiguration;
			buildSettings = {
				ALWAYS_EMBED_SWIFT_STANDARD_LIBRARIES = YES;
				BUNDLE_LOADER = "$(TEST_HOST)";
				CODE_SIGN_STYLE = Automatic;
				INFOPLIST_FILE = CurrencyConverterTests/Info.plist;
				IPHONEOS_DEPLOYMENT_TARGET = 14.3;
				LD_RUNPATH_SEARCH_PATHS = (
					"$(inherited)",
					"@executable_path/Frameworks",
					"@loader_path/Frameworks",
				);
				PRODUCT_BUNDLE_IDENTIFIER = t.CurrencyConverterTests;
				PRODUCT_NAME = "$(TARGET_NAME)";
				SWIFT_VERSION = 5.0;
				TARGETED_DEVICE_FAMILY = "1,2";
				TEST_HOST = "$(BUILT_PRODUCTS_DIR)/CurrencyConverter.app/CurrencyConverter";
			};
			name = Debug;
		};
		FAD3C92D25AF9BFD00F82650 /* Release */ = {
			isa = XCBuildConfiguration;
			buildSettings = {
				ALWAYS_EMBED_SWIFT_STANDARD_LIBRARIES = YES;
				BUNDLE_LOADER = "$(TEST_HOST)";
				CODE_SIGN_STYLE = Automatic;
				INFOPLIST_FILE = CurrencyConverterTests/Info.plist;
				IPHONEOS_DEPLOYMENT_TARGET = 14.3;
				LD_RUNPATH_SEARCH_PATHS = (
					"$(inherited)",
					"@executable_path/Frameworks",
					"@loader_path/Frameworks",
				);
				PRODUCT_BUNDLE_IDENTIFIER = t.CurrencyConverterTests;
				PRODUCT_NAME = "$(TARGET_NAME)";
				SWIFT_VERSION = 5.0;
				TARGETED_DEVICE_FAMILY = "1,2";
				TEST_HOST = "$(BUILT_PRODUCTS_DIR)/CurrencyConverter.app/CurrencyConverter";
			};
			name = Release;
		};
		FAD3C92F25AF9BFD00F82650 /* Debug */ = {
			isa = XCBuildConfiguration;
			buildSettings = {
				ALWAYS_EMBED_SWIFT_STANDARD_LIBRARIES = YES;
				CODE_SIGN_STYLE = Automatic;
				INFOPLIST_FILE = CurrencyConverterUITests/Info.plist;
				LD_RUNPATH_SEARCH_PATHS = (
					"$(inherited)",
					"@executable_path/Frameworks",
					"@loader_path/Frameworks",
				);
				PRODUCT_BUNDLE_IDENTIFIER = t.CurrencyConverterUITests;
				PRODUCT_NAME = "$(TARGET_NAME)";
				SWIFT_VERSION = 5.0;
				TARGETED_DEVICE_FAMILY = "1,2";
				TEST_TARGET_NAME = CurrencyConverter;
			};
			name = Debug;
		};
		FAD3C93025AF9BFD00F82650 /* Release */ = {
			isa = XCBuildConfiguration;
			buildSettings = {
				ALWAYS_EMBED_SWIFT_STANDARD_LIBRARIES = YES;
				CODE_SIGN_STYLE = Automatic;
				INFOPLIST_FILE = CurrencyConverterUITests/Info.plist;
				LD_RUNPATH_SEARCH_PATHS = (
					"$(inherited)",
					"@executable_path/Frameworks",
					"@loader_path/Frameworks",
				);
				PRODUCT_BUNDLE_IDENTIFIER = t.CurrencyConverterUITests;
				PRODUCT_NAME = "$(TARGET_NAME)";
				SWIFT_VERSION = 5.0;
				TARGETED_DEVICE_FAMILY = "1,2";
				TEST_TARGET_NAME = CurrencyConverter;
			};
			name = Release;
		};
/* End XCBuildConfiguration section */

/* Begin XCConfigurationList section */
		FAD3C8F925AF9BF800F82650 /* Build configuration list for PBXProject "CurrencyConverter" */ = {
			isa = XCConfigurationList;
			buildConfigurations = (
				FAD3C92625AF9BFD00F82650 /* Debug */,
				FAD3C92725AF9BFD00F82650 /* Release */,
			);
			defaultConfigurationIsVisible = 0;
			defaultConfigurationName = Release;
		};
		FAD3C92825AF9BFD00F82650 /* Build configuration list for PBXNativeTarget "CurrencyConverter" */ = {
			isa = XCConfigurationList;
			buildConfigurations = (
				FAD3C92925AF9BFD00F82650 /* Debug */,
				FAD3C92A25AF9BFD00F82650 /* Release */,
			);
			defaultConfigurationIsVisible = 0;
			defaultConfigurationName = Release;
		};
		FAD3C92B25AF9BFD00F82650 /* Build configuration list for PBXNativeTarget "CurrencyConverterTests" */ = {
			isa = XCConfigurationList;
			buildConfigurations = (
				FAD3C92C25AF9BFD00F82650 /* Debug */,
				FAD3C92D25AF9BFD00F82650 /* Release */,
			);
			defaultConfigurationIsVisible = 0;
			defaultConfigurationName = Release;
		};
		FAD3C92E25AF9BFD00F82650 /* Build configuration list for PBXNativeTarget "CurrencyConverterUITests" */ = {
			isa = XCConfigurationList;
			buildConfigurations = (
				FAD3C92F25AF9BFD00F82650 /* Debug */,
				FAD3C93025AF9BFD00F82650 /* Release */,
			);
			defaultConfigurationIsVisible = 0;
			defaultConfigurationName = Release;
		};
/* End XCConfigurationList section */
	};
	rootObject = FAD3C8F625AF9BF800F82650 /* Project object */;
}
